// !$*UTF8*$!
{
	archiveVersion = 1;
	classes = {
	};
	objectVersion = 50;
	objects = {

/* Begin PBXBuildFile section */
		3F300D0C226434B300A97B92 /* main.cpp in Sources */ = {isa = PBXBuildFile; fileRef = 3F300D0B226434B300A97B92 /* main.cpp */; };
		3F300D162264374100A97B92 /* CoreFoundation.framework in Frameworks */ = {isa = PBXBuildFile; fileRef = 3F300D152264374100A97B92 /* CoreFoundation.framework */; };
		3F300D182264376900A97B92 /* CoreGraphics.framework in Frameworks */ = {isa = PBXBuildFile; fileRef = 3F300D172264376900A97B92 /* CoreGraphics.framework */; };
		3F300D1A2264378300A97B92 /* IOKit.framework in Frameworks */ = {isa = PBXBuildFile; fileRef = 3F300D192264378300A97B92 /* IOKit.framework */; };
		3F300D1C226437B600A97B92 /* CoreVideo.framework in Frameworks */ = {isa = PBXBuildFile; fileRef = 3F300D1B226437B600A97B92 /* CoreVideo.framework */; };
		3F300D1E2264380B00A97B92 /* Cocoa.framework in Frameworks */ = {isa = PBXBuildFile; fileRef = 3F300D1D2264380B00A97B92 /* Cocoa.framework */; };
		3F300D20226439AA00A97B92 /* OpenGL.framework in Frameworks */ = {isa = PBXBuildFile; fileRef = 3F300D1F226439AA00A97B92 /* OpenGL.framework */; };
		3F300D2122643CB800A97B92 /* libglfw3.a in Frameworks */ = {isa = PBXBuildFile; fileRef = 3F300D13226436DE00A97B92 /* libglfw3.a */; };
		3F300D4322645E7400A97B92 /* libGLEW.a in Frameworks */ = {isa = PBXBuildFile; fileRef = 3F300D3C226447BA00A97B92 /* libGLEW.a */; };
		3F300D5B2264654900A97B92 /* GLTriangleBatch.cpp in Sources */ = {isa = PBXBuildFile; fileRef = 3F300D552264654800A97B92 /* GLTriangleBatch.cpp */; };
		3F300D5C2264654900A97B92 /* math3d.cpp in Sources */ = {isa = PBXBuildFile; fileRef = 3F300D562264654800A97B92 /* math3d.cpp */; };
		3F300D5D2264654900A97B92 /* GLShaderManager.cpp in Sources */ = {isa = PBXBuildFile; fileRef = 3F300D572264654800A97B92 /* GLShaderManager.cpp */; };
		3F300D5E2264654900A97B92 /* GLTools.cpp in Sources */ = {isa = PBXBuildFile; fileRef = 3F300D582264654800A97B92 /* GLTools.cpp */; };
		3F300D5F2264654900A97B92 /* GLBatch.cpp in Sources */ = {isa = PBXBuildFile; fileRef = 3F300D592264654800A97B92 /* GLBatch.cpp */; };
/* End PBXBuildFile section */

/* Begin PBXCopyFilesBuildPhase section */
		3F300D06226434B300A97B92 /* CopyFiles */ = {
			isa = PBXCopyFilesBuildPhase;
			buildActionMask = 2147483647;
			dstPath = /usr/share/man/man1/;
			dstSubfolderSpec = 0;
			files = (
			);
			runOnlyForDeploymentPostprocessing = 1;
		};
/* End PBXCopyFilesBuildPhase section */

/* Begin PBXFileReference section */
		3F300D08226434B300A97B92 /* CubeMap */ = {isa = PBXFileReference; explicitFileType = "compiled.mach-o.executable"; includeInIndex = 0; path = CubeMap; sourceTree = BUILT_PRODUCTS_DIR; };
		3F300D0B226434B300A97B92 /* main.cpp */ = {isa = PBXFileReference; lastKnownFileType = sourcecode.cpp.cpp; path = main.cpp; sourceTree = "<group>"; };
		3F300D13226436DE00A97B92 /* libglfw3.a */ = {isa = PBXFileReference; lastKnownFileType = archive.ar; name = libglfw3.a; path = ../../../../../usr/local/lib/libglfw3.a; sourceTree = "<group>"; };
		3F300D152264374100A97B92 /* CoreFoundation.framework */ = {isa = PBXFileReference; lastKnownFileType = wrapper.framework; name = CoreFoundation.framework; path = System/Library/Frameworks/CoreFoundation.framework; sourceTree = SDKROOT; };
		3F300D172264376900A97B92 /* CoreGraphics.framework */ = {isa = PBXFileReference; lastKnownFileType = wrapper.framework; name = CoreGraphics.framework; path = System/Library/Frameworks/CoreGraphics.framework; sourceTree = SDKROOT; };
		3F300D192264378300A97B92 /* IOKit.framework */ = {isa = PBXFileReference; lastKnownFileType = wrapper.framework; name = IOKit.framework; path = System/Library/Frameworks/IOKit.framework; sourceTree = SDKROOT; };
		3F300D1B226437B600A97B92 /* CoreVideo.framework */ = {isa = PBXFileReference; lastKnownFileType = wrapper.framework; name = CoreVideo.framework; path = System/Library/Frameworks/CoreVideo.framework; sourceTree = SDKROOT; };
		3F300D1D2264380B00A97B92 /* Cocoa.framework */ = {isa = PBXFileReference; lastKnownFileType = wrapper.framework; name = Cocoa.framework; path = System/Library/Frameworks/Cocoa.framework; sourceTree = SDKROOT; };
		3F300D1F226439AA00A97B92 /* OpenGL.framework */ = {isa = PBXFileReference; lastKnownFileType = wrapper.framework; name = OpenGL.framework; path = System/Library/Frameworks/OpenGL.framework; sourceTree = SDKROOT; };
		3F300D2222643FD100A97B92 /* GLUT.framework */ = {isa = PBXFileReference; lastKnownFileType = wrapper.framework; name = GLUT.framework; path = System/Library/Frameworks/GLUT.framework; sourceTree = SDKROOT; };
		3F300D3C226447BA00A97B92 /* libGLEW.a */ = {isa = PBXFileReference; lastKnownFileType = archive.ar; name = libGLEW.a; path = ../../../../../usr/local/lib/libGLEW.a; sourceTree = "<group>"; };
		3F300D3F22644BA200A97B92 /* libGLTools.a */ = {isa = PBXFileReference; lastKnownFileType = archive.ar; name = libGLTools.a; path = ../OpenGlShare/libGLTools.a; sourceTree = "<group>"; };
		3F300D462264653600A97B92 /* GLTools.h */ = {isa = PBXFileReference; lastKnownFileType = sourcecode.c.h; path = GLTools.h; sourceTree = "<group>"; };
		3F300D472264653600A97B92 /* math3d.h */ = {isa = PBXFileReference; lastKnownFileType = sourcecode.c.h; path = math3d.h; sourceTree = "<group>"; };
		3F300D482264653600A97B92 /* GLBatch.h */ = {isa = PBXFileReference; lastKnownFileType = sourcecode.c.h; path = GLBatch.h; sourceTree = "<group>"; };
		3F300D492264653600A97B92 /* GLMatrixStack.h */ = {isa = PBXFileReference; lastKnownFileType = sourcecode.c.h; path = GLMatrixStack.h; sourceTree = "<group>"; };
		3F300D4A2264653700A97B92 /* GLTriangleBatch.h */ = {isa = PBXFileReference; lastKnownFileType = sourcecode.c.h; path = GLTriangleBatch.h; sourceTree = "<group>"; };
		3F300D4B2264653700A97B92 /* GLFrame.h */ = {isa = PBXFileReference; lastKnownFileType = sourcecode.c.h; path = GLFrame.h; sourceTree = "<group>"; };
		3F300D4C2264653700A97B92 /* GLBatchBase.h */ = {isa = PBXFileReference; lastKnownFileType = sourcecode.c.h; path = GLBatchBase.h; sourceTree = "<group>"; };
		3F300D4D2264653700A97B92 /* GLGeometryTransform.h */ = {isa = PBXFileReference; lastKnownFileType = sourcecode.c.h; path = GLGeometryTransform.h; sourceTree = "<group>"; };
		3F300D4E2264653700A97B92 /* GLFrustum.h */ = {isa = PBXFileReference; lastKnownFileType = sourcecode.c.h; path = GLFrustum.h; sourceTree = "<group>"; };
		3F300D4F2264653700A97B92 /* GLShaderManager.h */ = {isa = PBXFileReference; lastKnownFileType = sourcecode.c.h; path = GLShaderManager.h; sourceTree = "<group>"; };
		3F300D502264653700A97B92 /* StopWatch.h */ = {isa = PBXFileReference; lastKnownFileType = sourcecode.c.h; path = StopWatch.h; sourceTree = "<group>"; };
		3F300D522264653700A97B92 /* glxew.h */ = {isa = PBXFileReference; lastKnownFileType = sourcecode.c.h; path = glxew.h; sourceTree = "<group>"; };
		3F300D532264653700A97B92 /* wglew.h */ = {isa = PBXFileReference; lastKnownFileType = sourcecode.c.h; path = wglew.h; sourceTree = "<group>"; };
		3F300D552264654800A97B92 /* GLTriangleBatch.cpp */ = {isa = PBXFileReference; fileEncoding = 4; lastKnownFileType = sourcecode.cpp.cpp; path = GLTriangleBatch.cpp; sourceTree = "<group>"; };
		3F300D562264654800A97B92 /* math3d.cpp */ = {isa = PBXFileReference; fileEncoding = 4; lastKnownFileType = sourcecode.cpp.cpp; path = math3d.cpp; sourceTree = "<group>"; };
		3F300D572264654800A97B92 /* GLShaderManager.cpp */ = {isa = PBXFileReference; fileEncoding = 4; lastKnownFileType = sourcecode.cpp.cpp; path = GLShaderManager.cpp; sourceTree = "<group>"; };
		3F300D582264654800A97B92 /* GLTools.cpp */ = {isa = PBXFileReference; fileEncoding = 4; lastKnownFileType = sourcecode.cpp.cpp; path = GLTools.cpp; sourceTree = "<group>"; };
		3F300D592264654800A97B92 /* GLBatch.cpp */ = {isa = PBXFileReference; fileEncoding = 4; lastKnownFileType = sourcecode.cpp.cpp; path = GLBatch.cpp; sourceTree = "<group>"; };
/* End PBXFileReference section */

/* Begin PBXFrameworksBuildPhase section */
		3F300D05226434B300A97B92 /* Frameworks */ = {
			isa = PBXFrameworksBuildPhase;
			buildActionMask = 2147483647;
			files = (
				3F300D4322645E7400A97B92 /* libGLEW.a in Frameworks */,
				3F300D2122643CB800A97B92 /* libglfw3.a in Frameworks */,
				3F300D20226439AA00A97B92 /* OpenGL.framework in Frameworks */,
				3F300D1E2264380B00A97B92 /* Cocoa.framework in Frameworks */,
				3F300D1C226437B600A97B92 /* CoreVideo.framework in Frameworks */,
				3F300D1A2264378300A97B92 /* IOKit.framework in Frameworks */,
				3F300D182264376900A97B92 /* CoreGraphics.framework in Frameworks */,
				3F300D162264374100A97B92 /* CoreFoundation.framework in Frameworks */,
			);
			runOnlyForDeploymentPostprocessing = 0;
		};
/* End PBXFrameworksBuildPhase section */

/* Begin PBXGroup section */
		3F300CFF226434B300A97B92 = {
			isa = PBXGroup;
			children = (
				3F300D0A226434B300A97B92 /* CubeMap */,
				3F300D09226434B300A97B92 /* Products */,
				3F300D12226436DD00A97B92 /* Frameworks */,
			);
			sourceTree = "<group>";
		};
		3F300D09226434B300A97B92 /* Products */ = {
			isa = PBXGroup;
			children = (
				3F300D08226434B300A97B92 /* CubeMap */,
			);
			name = Products;
			sourceTree = "<group>";
		};
		3F300D0A226434B300A97B92 /* CubeMap */ = {
			isa = PBXGroup;
			children = (
				3F300D45226464FC00A97B92 /* src */,
				3F300D44226464F000A97B92 /* include */,
			);
			path = CubeMap;
			sourceTree = "<group>";
		};
		3F300D12226436DD00A97B92 /* Frameworks */ = {
			isa = PBXGroup;
			children = (
				3F300D3F22644BA200A97B92 /* libGLTools.a */,
				3F300D3C226447BA00A97B92 /* libGLEW.a */,
				3F300D2222643FD100A97B92 /* GLUT.framework */,
				3F300D1F226439AA00A97B92 /* OpenGL.framework */,
				3F300D1D2264380B00A97B92 /* Cocoa.framework */,
				3F300D1B226437B600A97B92 /* CoreVideo.framework */,
				3F300D192264378300A97B92 /* IOKit.framework */,
				3F300D172264376900A97B92 /* CoreGraphics.framework */,
				3F300D152264374100A97B92 /* CoreFoundation.framework */,
				3F300D13226436DE00A97B92 /* libglfw3.a */,
			);
			name = Frameworks;
			sourceTree = "<group>";
		};
		3F300D44226464F000A97B92 /* include */ = {
			isa = PBXGroup;
			children = (
				3F300D512264653700A97B92 /* GL */,
				3F300D482264653600A97B92 /* GLBatch.h */,
				3F300D4C2264653700A97B92 /* GLBatchBase.h */,
				3F300D4B2264653700A97B92 /* GLFrame.h */,
				3F300D4E2264653700A97B92 /* GLFrustum.h */,
				3F300D4D2264653700A97B92 /* GLGeometryTransform.h */,
				3F300D492264653600A97B92 /* GLMatrixStack.h */,
				3F300D4F2264653700A97B92 /* GLShaderManager.h */,
				3F300D462264653600A97B92 /* GLTools.h */,
				3F300D4A2264653700A97B92 /* GLTriangleBatch.h */,
				3F300D472264653600A97B92 /* math3d.h */,
				3F300D502264653700A97B92 /* StopWatch.h */,
			);
			path = include;
			sourceTree = "<group>";
		};
		3F300D45226464FC00A97B92 /* src */ = {
			isa = PBXGroup;
			children = (
				3F300D592264654800A97B92 /* GLBatch.cpp */,
				3F300D572264654800A97B92 /* GLShaderManager.cpp */,
				3F300D582264654800A97B92 /* GLTools.cpp */,
				3F300D552264654800A97B92 /* GLTriangleBatch.cpp */,
				3F300D562264654800A97B92 /* math3d.cpp */,
				3F300D0B226434B300A97B92 /* main.cpp */,
			);
			path = src;
			sourceTree = "<group>";
		};
		3F300D512264653700A97B92 /* GL */ = {
			isa = PBXGroup;
			children = (
				3F300D522264653700A97B92 /* glxew.h */,
				3F300D532264653700A97B92 /* wglew.h */,
			);
			path = GL;
			sourceTree = "<group>";
		};
/* End PBXGroup section */

/* Begin PBXNativeTarget section */
		3F300D07226434B300A97B92 /* CubeMap */ = {
			isa = PBXNativeTarget;
			buildConfigurationList = 3F300D0F226434B300A97B92 /* Build configuration list for PBXNativeTarget "CubeMap" */;
			buildPhases = (
				3F300D04226434B300A97B92 /* Sources */,
				3F300D05226434B300A97B92 /* Frameworks */,
				3F300D06226434B300A97B92 /* CopyFiles */,
			);
			buildRules = (
			);
			dependencies = (
			);
			name = CubeMap;
			productName = Triangle;
			productReference = 3F300D08226434B300A97B92 /* CubeMap */;
			productType = "com.apple.product-type.tool";
		};
/* End PBXNativeTarget section */

/* Begin PBXProject section */
		3F300D00226434B300A97B92 /* Project object */ = {
			isa = PBXProject;
			attributes = {
				LastUpgradeCheck = 1020;
				ORGANIZATIONNAME = amon.huang;
				TargetAttributes = {
					3F300D07226434B300A97B92 = {
						CreatedOnToolsVersion = 10.2;
					};
				};
			};
			buildConfigurationList = 3F300D03226434B300A97B92 /* Build configuration list for PBXProject "CubeMap" */;
			compatibilityVersion = "Xcode 9.3";
			developmentRegion = en;
			hasScannedForEncodings = 0;
			knownRegions = (
				en,
			);
			mainGroup = 3F300CFF226434B300A97B92;
			productRefGroup = 3F300D09226434B300A97B92 /* Products */;
			projectDirPath = "";
			projectRoot = "";
			targets = (
				3F300D07226434B300A97B92 /* CubeMap */,
			);
		};
/* End PBXProject section */

/* Begin PBXSourcesBuildPhase section */
		3F300D04226434B300A97B92 /* Sources */ = {
			isa = PBXSourcesBuildPhase;
			buildActionMask = 2147483647;
			files = (
				3F300D0C226434B300A97B92 /* main.cpp in Sources */,
				3F300D5D2264654900A97B92 /* GLShaderManager.cpp in Sources */,
				3F300D5C2264654900A97B92 /* math3d.cpp in Sources */,
				3F300D5F2264654900A97B92 /* GLBatch.cpp in Sources */,
				3F300D5B2264654900A97B92 /* GLTriangleBatch.cpp in Sources */,
				3F300D5E2264654900A97B92 /* GLTools.cpp in Sources */,
			);
			runOnlyForDeploymentPostprocessing = 0;
		};
/* End PBXSourcesBuildPhase section */

/* Begin XCBuildConfiguration section */
		3F300D0D226434B300A97B92 /* Debug */ = {
			isa = XCBuildConfiguration;
			buildSettings = {
				ALWAYS_SEARCH_USER_PATHS = NO;
				CLANG_ANALYZER_NONNULL = YES;
				CLANG_ANALYZER_NUMBER_OBJECT_CONVERSION = YES_AGGRESSIVE;
				CLANG_CXX_LANGUAGE_STANDARD = "gnu++14";
				CLANG_CXX_LIBRARY = "libc++";
				CLANG_ENABLE_MODULES = YES;
				CLANG_ENABLE_OBJC_ARC = YES;
				CLANG_ENABLE_OBJC_WEAK = YES;
				CLANG_WARN_BLOCK_CAPTURE_AUTORELEASING = YES;
				CLANG_WARN_BOOL_CONVERSION = YES;
				CLANG_WARN_COMMA = YES;
				CLANG_WARN_CONSTANT_CONVERSION = YES;
				CLANG_WARN_DEPRECATED_OBJC_IMPLEMENTATIONS = YES;
				CLANG_WARN_DIRECT_OBJC_ISA_USAGE = YES_ERROR;
				CLANG_WARN_DOCUMENTATION_COMMENTS = YES;
				CLANG_WARN_EMPTY_BODY = YES;
				CLANG_WARN_ENUM_CONVERSION = YES;
				CLANG_WARN_INFINITE_RECURSION = YES;
				CLANG_WARN_INT_CONVERSION = YES;
				CLANG_WARN_NON_LITERAL_NULL_CONVERSION = YES;
				CLANG_WARN_OBJC_IMPLICIT_RETAIN_SELF = YES;
				CLANG_WARN_OBJC_LITERAL_CONVERSION = YES;
				CLANG_WARN_OBJC_ROOT_CLASS = YES_ERROR;
				CLANG_WARN_RANGE_LOOP_ANALYSIS = YES;
				CLANG_WARN_STRICT_PROTOTYPES = YES;
				CLANG_WARN_SUSPICIOUS_MOVE = YES;
				CLANG_WARN_UNGUARDED_AVAILABILITY = YES_AGGRESSIVE;
				CLANG_WARN_UNREACHABLE_CODE = YES;
				CLANG_WARN__DUPLICATE_METHOD_MATCH = YES;
				CODE_SIGN_IDENTITY = "Mac Developer";
				COPY_PHASE_STRIP = NO;
				DEBUG_INFORMATION_FORMAT = dwarf;
				ENABLE_STRICT_OBJC_MSGSEND = YES;
				ENABLE_TESTABILITY = YES;
				GCC_C_LANGUAGE_STANDARD = gnu11;
				GCC_DYNAMIC_NO_PIC = NO;
				GCC_NO_COMMON_BLOCKS = YES;
				GCC_OPTIMIZATION_LEVEL = 0;
				GCC_PREPROCESSOR_DEFINITIONS = (
					"DEBUG=1",
					"$(inherited)",
				);
				GCC_WARN_64_TO_32_BIT_CONVERSION = YES;
				GCC_WARN_ABOUT_RETURN_TYPE = YES_ERROR;
				GCC_WARN_UNDECLARED_SELECTOR = YES;
				GCC_WARN_UNINITIALIZED_AUTOS = YES_AGGRESSIVE;
				GCC_WARN_UNUSED_FUNCTION = YES;
				GCC_WARN_UNUSED_VARIABLE = YES;
				MACOSX_DEPLOYMENT_TARGET = 10.14;
				MTL_ENABLE_DEBUG_INFO = INCLUDE_SOURCE;
				MTL_FAST_MATH = YES;
				ONLY_ACTIVE_ARCH = YES;
				SDKROOT = macosx;
			};
			name = Debug;
		};
		3F300D0E226434B300A97B92 /* Release */ = {
			isa = XCBuildConfiguration;
			buildSettings = {
				ALWAYS_SEARCH_USER_PATHS = NO;
				CLANG_ANALYZER_NONNULL = YES;
				CLANG_ANALYZER_NUMBER_OBJECT_CONVERSION = YES_AGGRESSIVE;
				CLANG_CXX_LANGUAGE_STANDARD = "gnu++14";
				CLANG_CXX_LIBRARY = "libc++";
				CLANG_ENABLE_MODULES = YES;
				CLANG_ENABLE_OBJC_ARC = YES;
				CLANG_ENABLE_OBJC_WEAK = YES;
				CLANG_WARN_BLOCK_CAPTURE_AUTORELEASING = YES;
				CLANG_WARN_BOOL_CONVERSION = YES;
				CLANG_WARN_COMMA = YES;
				CLANG_WARN_CONSTANT_CONVERSION = YES;
				CLANG_WARN_DEPRECATED_OBJC_IMPLEMENTATIONS = YES;
				CLANG_WARN_DIRECT_OBJC_ISA_USAGE = YES_ERROR;
				CLANG_WARN_DOCUMENTATION_COMMENTS = YES;
				CLANG_WARN_EMPTY_BODY = YES;
				CLANG_WARN_ENUM_CONVERSION = YES;
				CLANG_WARN_INFINITE_RECURSION = YES;
				CLANG_WARN_INT_CONVERSION = YES;
				CLANG_WARN_NON_LITERAL_NULL_CONVERSION = YES;
				CLANG_WARN_OBJC_IMPLICIT_RETAIN_SELF = YES;
				CLANG_WARN_OBJC_LITERAL_CONVERSION = YES;
				CLANG_WARN_OBJC_ROOT_CLASS = YES_ERROR;
				CLANG_WARN_RANGE_LOOP_ANALYSIS = YES;
				CLANG_WARN_STRICT_PROTOTYPES = YES;
				CLANG_WARN_SUSPICIOUS_MOVE = YES;
				CLANG_WARN_UNGUARDED_AVAILABILITY = YES_AGGRESSIVE;
				CLANG_WARN_UNREACHABLE_CODE = YES;
				CLANG_WARN__DUPLICATE_METHOD_MATCH = YES;
				CODE_SIGN_IDENTITY = "Mac Developer";
				COPY_PHASE_STRIP = NO;
				DEBUG_INFORMATION_FORMAT = "dwarf-with-dsym";
				ENABLE_NS_ASSERTIONS = NO;
				ENABLE_STRICT_OBJC_MSGSEND = YES;
				GCC_C_LANGUAGE_STANDARD = gnu11;
				GCC_NO_COMMON_BLOCKS = YES;
				GCC_WARN_64_TO_32_BIT_CONVERSION = YES;
				GCC_WARN_ABOUT_RETURN_TYPE = YES_ERROR;
				GCC_WARN_UNDECLARED_SELECTOR = YES;
				GCC_WARN_UNINITIALIZED_AUTOS = YES_AGGRESSIVE;
				GCC_WARN_UNUSED_FUNCTION = YES;
				GCC_WARN_UNUSED_VARIABLE = YES;
				MACOSX_DEPLOYMENT_TARGET = 10.14;
				MTL_ENABLE_DEBUG_INFO = NO;
				MTL_FAST_MATH = YES;
				SDKROOT = macosx;
			};
			name = Release;
		};
		3F300D10226434B300A97B92 /* Debug */ = {
			isa = XCBuildConfiguration;
			buildSettings = {
				CODE_SIGN_STYLE = Automatic;
				DEVELOPMENT_TEAM = JWVH8DGJ48;
				HEADER_SEARCH_PATHS = /usr/local/include;
				LIBRARY_SEARCH_PATHS = /usr/local/lib;
				PRODUCT_NAME = "$(TARGET_NAME)";
			};
			name = Debug;
		};
		3F300D11226434B300A97B92 /* Release */ = {
			isa = XCBuildConfiguration;
			buildSettings = {
				CODE_SIGN_STYLE = Automatic;
				DEVELOPMENT_TEAM = JWVH8DGJ48;
				HEADER_SEARCH_PATHS = /usr/local/include;
				LIBRARY_SEARCH_PATHS = /usr/local/lib;
				PRODUCT_NAME = "$(TARGET_NAME)";
			};
			name = Release;
		};
/* End XCBuildConfiguration section */

/* Begin XCConfigurationList section */
		3F300D03226434B300A97B92 /* Build configuration list for PBXProject "CubeMap" */ = {
			isa = XCConfigurationList;
			buildConfigurations = (
				3F300D0D226434B300A97B92 /* Debug */,
				3F300D0E226434B300A97B92 /* Release */,
			);
			defaultConfigurationIsVisible = 0;
			defaultConfigurationName = Release;
		};
		3F300D0F226434B300A97B92 /* Build configuration list for PBXNativeTarget "CubeMap" */ = {
			isa = XCConfigurationList;
			buildConfigurations = (
				3F300D10226434B300A97B92 /* Debug */,
				3F300D11226434B300A97B92 /* Release */,
			);
			defaultConfigurationIsVisible = 0;
			defaultConfigurationName = Release;
		};
/* End XCConfigurationList section */
	};
	rootObject = 3F300D00226434B300A97B92 /* Project object */;
}
